
Microsoft Visual Studio Solution File, Format Version 12.00
Project("{FAE04EC0-301F-11D3-BF4B-00C04F79EFBC}") = "Client.Application", "src\Client\src\Application\src\Client.Application.csproj", "{29C3F354-A0D2-4FEB-9572-ACB19D5C91F3}"
EndProject
Project("{FAE04EC0-301F-11D3-BF4B-00C04F79EFBC}") = "Client.Web", "src\Client\src\Web\src\Client.Web.csproj", "{2A826D70-6CF3-44F9-9848-8282A19B6BB2}"
EndProject
Project("{FAE04EC0-301F-11D3-BF4B-00C04F79EFBC}") = "Shared.Components", "src\Shared\src\Components\src\Shared.Components.csproj", "{B2A56E23-6BC7-4CE0-B3B6-DBC6A2E39476}"
EndProject
Project("{FAE04EC0-301F-11D3-BF4B-00C04F79EFBC}") = "Shared.Core", "src\Shared\src\Core\src\Shared.Core.csproj", "{57E112F7-96CC-425C-AF3B-CFDE3E657F8D}"
EndProject
Project("{FAE04EC0-301F-11D3-BF4B-00C04F79EFBC}") = "Shared.Extensions", "src\Shared\src\Extensions\src\Shared.Extensions.csproj", "{4754F7D9-1269-4777-95D8-5AD0EE64B177}"
EndProject
Project("{FAE04EC0-301F-11D3-BF4B-00C04F79EFBC}") = "Server.Application", "src\Server\src\Application\Server.Application.csproj", "{19A6E84D-3A42-406F-9EC3-C26962F89E0D}"
EndProject
Project("{FAE04EC0-301F-11D3-BF4B-00C04F79EFBC}") = "Server.Components", "src\Server\src\Components\Server.Components.csproj", "{E4B2F40B-699E-4087-8DA7-1E7F459AA1E8}"
EndProject
Project("{FAE04EC0-301F-11D3-BF4B-00C04F79EFBC}") = "Server.Core", "src\Server\src\Core\Server.Core.csproj", "{A9F29D71-72B3-4A2A-AC24-979DF0EF434C}"
EndProject
Project("{FAE04EC0-301F-11D3-BF4B-00C04F79EFBC}") = "Server.Infrastructure", "src\Server\src\Infrastructure\Server.Infrastructure.csproj", "{B6380DA8-6635-4730-84DA-C180E8AE1971}"
EndProject
Project("{FAE04EC0-301F-11D3-BF4B-00C04F79EFBC}") = "Server.Web", "src\Server\src\Web\Server.Web.csproj", "{CC2B04DF-9EF3-459D-9A5B-26DC44531488}"
EndProject
Project("{FAE04EC0-301F-11D3-BF4B-00C04F79EFBC}") = "Libraries.Components", "src\Libraries\src\Components\src\Libraries.Components.csproj", "{1CFEC219-9C4E-4BDD-BA7E-B0D2259916D7}"
EndProject
Global
	GlobalSection(SolutionConfigurationPlatforms) = preSolution
		Debug|Any CPU = Debug|Any CPU
		Release|Any CPU = Release|Any CPU
	EndGlobalSection
	GlobalSection(ProjectConfigurationPlatforms) = postSolution
		{29C3F354-A0D2-4FEB-9572-ACB19D5C91F3}.Debug|Any CPU.ActiveCfg = Debug|Any CPU
		{29C3F354-A0D2-4FEB-9572-ACB19D5C91F3}.Debug|Any CPU.Build.0 = Debug|Any CPU
		{29C3F354-A0D2-4FEB-9572-ACB19D5C91F3}.Release|Any CPU.ActiveCfg = Release|Any CPU
		{29C3F354-A0D2-4FEB-9572-ACB19D5C91F3}.Release|Any CPU.Build.0 = Release|Any CPU
		{2A826D70-6CF3-44F9-9848-8282A19B6BB2}.Debug|Any CPU.ActiveCfg = Debug|Any CPU
		{2A826D70-6CF3-44F9-9848-8282A19B6BB2}.Debug|Any CPU.Build.0 = Debug|Any CPU
		{2A826D70-6CF3-44F9-9848-8282A19B6BB2}.Release|Any CPU.ActiveCfg = Release|Any CPU
		{2A826D70-6CF3-44F9-9848-8282A19B6BB2}.Release|Any CPU.Build.0 = Release|Any CPU
		{B2A56E23-6BC7-4CE0-B3B6-DBC6A2E39476}.Debug|Any CPU.ActiveCfg = Debug|Any CPU
		{B2A56E23-6BC7-4CE0-B3B6-DBC6A2E39476}.Debug|Any CPU.Build.0 = Debug|Any CPU
		{B2A56E23-6BC7-4CE0-B3B6-DBC6A2E39476}.Release|Any CPU.ActiveCfg = Release|Any CPU
		{B2A56E23-6BC7-4CE0-B3B6-DBC6A2E39476}.Release|Any CPU.Build.0 = Release|Any CPU
		{57E112F7-96CC-425C-AF3B-CFDE3E657F8D}.Debug|Any CPU.ActiveCfg = Debug|Any CPU
		{57E112F7-96CC-425C-AF3B-CFDE3E657F8D}.Debug|Any CPU.Build.0 = Debug|Any CPU
		{57E112F7-96CC-425C-AF3B-CFDE3E657F8D}.Release|Any CPU.ActiveCfg = Release|Any CPU
		{57E112F7-96CC-425C-AF3B-CFDE3E657F8D}.Release|Any CPU.Build.0 = Release|Any CPU
		{4754F7D9-1269-4777-95D8-5AD0EE64B177}.Debug|Any CPU.ActiveCfg = Debug|Any CPU
		{4754F7D9-1269-4777-95D8-5AD0EE64B177}.Debug|Any CPU.Build.0 = Debug|Any CPU
		{4754F7D9-1269-4777-95D8-5AD0EE64B177}.Release|Any CPU.ActiveCfg = Release|Any CPU
		{4754F7D9-1269-4777-95D8-5AD0EE64B177}.Release|Any CPU.Build.0 = Release|Any CPU
		{19A6E84D-3A42-406F-9EC3-C26962F89E0D}.Debug|Any CPU.ActiveCfg = Debug|Any CPU
		{19A6E84D-3A42-406F-9EC3-C26962F89E0D}.Debug|Any CPU.Build.0 = Debug|Any CPU
		{19A6E84D-3A42-406F-9EC3-C26962F89E0D}.Release|Any CPU.ActiveCfg = Release|Any CPU
		{19A6E84D-3A42-406F-9EC3-C26962F89E0D}.Release|Any CPU.Build.0 = Release|Any CPU
		{E4B2F40B-699E-4087-8DA7-1E7F459AA1E8}.Debug|Any CPU.ActiveCfg = Debug|Any CPU
		{E4B2F40B-699E-4087-8DA7-1E7F459AA1E8}.Debug|Any CPU.Build.0 = Debug|Any CPU
		{E4B2F40B-699E-4087-8DA7-1E7F459AA1E8}.Release|Any CPU.ActiveCfg = Release|Any CPU
		{E4B2F40B-699E-4087-8DA7-1E7F459AA1E8}.Release|Any CPU.Build.0 = Release|Any CPU
		{A9F29D71-72B3-4A2A-AC24-979DF0EF434C}.Debug|Any CPU.ActiveCfg = Debug|Any CPU
		{A9F29D71-72B3-4A2A-AC24-979DF0EF434C}.Debug|Any CPU.Build.0 = Debug|Any CPU
		{A9F29D71-72B3-4A2A-AC24-979DF0EF434C}.Release|Any CPU.ActiveCfg = Release|Any CPU
		{A9F29D71-72B3-4A2A-AC24-979DF0EF434C}.Release|Any CPU.Build.0 = Release|Any CPU
		{B6380DA8-6635-4730-84DA-C180E8AE1971}.Debug|Any CPU.ActiveCfg = Debug|Any CPU
		{B6380DA8-6635-4730-84DA-C180E8AE1971}.Debug|Any CPU.Build.0 = Debug|Any CPU
		{B6380DA8-6635-4730-84DA-C180E8AE1971}.Release|Any CPU.ActiveCfg = Release|Any CPU
		{B6380DA8-6635-4730-84DA-C180E8AE1971}.Release|Any CPU.Build.0 = Release|Any CPU
		{CC2B04DF-9EF3-459D-9A5B-26DC44531488}.Debug|Any CPU.ActiveCfg = Debug|Any CPU
		{CC2B04DF-9EF3-459D-9A5B-26DC44531488}.Debug|Any CPU.Build.0 = Debug|Any CPU
		{CC2B04DF-9EF3-459D-9A5B-26DC44531488}.Release|Any CPU.ActiveCfg = Release|Any CPU
		{CC2B04DF-9EF3-459D-9A5B-26DC44531488}.Release|Any CPU.Build.0 = Release|Any CPU
		{1CFEC219-9C4E-4BDD-BA7E-B0D2259916D7}.Debug|Any CPU.ActiveCfg = Debug|Any CPU
		{1CFEC219-9C4E-4BDD-BA7E-B0D2259916D7}.Debug|Any CPU.Build.0 = Debug|Any CPU
		{1CFEC219-9C4E-4BDD-BA7E-B0D2259916D7}.Release|Any CPU.ActiveCfg = Release|Any CPU
		{1CFEC219-9C4E-4BDD-BA7E-B0D2259916D7}.Release|Any CPU.Build.0 = Release|Any CPU
	EndGlobalSection
EndGlobal
